
Microsoft Visual Studio Solution File, Format Version 12.00
# Visual Studio 2015
Project("{FAE04EC0-301F-11D3-BF4B-00C04F79EFBC}") = "Hedgewars_anifix_3.CSharp", "Hedgewars_anifix_3.CSharp.csproj", "{82C15FD6-8197-C6BC-7EB1-F5FA2D0DC8DF}"
EndProject
Global
	GlobalSection(SolutionConfigurationPlatforms) = preSolution
		Debug|Any CPU = Debug|Any CPU
		Release|Any CPU = Release|Any CPU
	EndGlobalSection
	GlobalSection(ProjectConfigurationPlatforms) = postSolution
		{82C15FD6-8197-C6BC-7EB1-F5FA2D0DC8DF}.Debug|Any CPU.ActiveCfg = Debug|Any CPU
		{82C15FD6-8197-C6BC-7EB1-F5FA2D0DC8DF}.Debug|Any CPU.Build.0 = Debug|Any CPU
		{82C15FD6-8197-C6BC-7EB1-F5FA2D0DC8DF}.Release|Any CPU.ActiveCfg = Release|Any CPU
		{82C15FD6-8197-C6BC-7EB1-F5FA2D0DC8DF}.Release|Any CPU.Build.0 = Release|Any CPU
	EndGlobalSection
	GlobalSection(SolutionProperties) = preSolution
		HideSolutionNode = FALSE
	EndGlobalSection
EndGlobal
